// !$*UTF8*$!
{
	archiveVersion = 1;
	classes = {
	};
	objectVersion = 77;
	objects = {

/* Begin PBXBuildFile section */
		403637382DA7629700758ADC /* Watch-Animation Watch App.app in Embed Watch Content */ = {isa = PBXBuildFile; fileRef = 4036372E2DA7629400758ADC /* Watch-Animation Watch App.app */; settings = {ATTRIBUTES = (RemoveHeadersOnCopy, ); }; };
		403637BC2DA78D3400758ADC /* WatchConnectivity.framework in Frameworks */ = {isa = PBXBuildFile; fileRef = 4036378A2DA772B900758ADC /* WatchConnectivity.framework */; };
		403637BD2DA78D3400758ADC /* WatchConnectivity.framework in Embed Frameworks */ = {isa = PBXBuildFile; fileRef = 4036378A2DA772B900758ADC /* WatchConnectivity.framework */; settings = {ATTRIBUTES = (RemoveHeadersOnCopy, ); }; };
		403637BF2DA78D3E00758ADC /* WatchConnectivity.framework in Frameworks */ = {isa = PBXBuildFile; fileRef = 4036378C2DA772C400758ADC /* WatchConnectivity.framework */; };
		403637C02DA78D3E00758ADC /* WatchConnectivity.framework in Embed Frameworks */ = {isa = PBXBuildFile; fileRef = 4036378C2DA772C400758ADC /* WatchConnectivity.framework */; settings = {ATTRIBUTES = (RemoveHeadersOnCopy, ); }; };
/* End PBXBuildFile section */

/* Begin PBXContainerItemProxy section */
		403637362DA7629700758ADC /* PBXContainerItemProxy */ = {
			isa = PBXContainerItemProxy;
			containerPortal = 4036370E2DA75FE900758ADC /* Project object */;
			proxyType = 1;
			remoteGlobalIDString = 4036372D2DA7629400758ADC;
			remoteInfo = "Watch-Animation Watch App";
		};
/* End PBXContainerItemProxy section */

/* Begin PBXCopyFilesBuildPhase section */
		4036373C2DA7629700758ADC /* Embed Watch Content */ = {
			isa = PBXCopyFilesBuildPhase;
			buildActionMask = 2147483647;
			dstPath = "$(CONTENTS_FOLDER_PATH)/Watch";
			dstSubfolderSpec = 16;
			files = (
				403637382DA7629700758ADC /* Watch-Animation Watch App.app in Embed Watch Content */,
			);
			name = "Embed Watch Content";
			runOnlyForDeploymentPostprocessing = 0;
		};
		403637BE2DA78D3400758ADC /* Embed Frameworks */ = {
			isa = PBXCopyFilesBuildPhase;
			buildActionMask = 2147483647;
			dstPath = "";
			dstSubfolderSpec = 10;
			files = (
				403637BD2DA78D3400758ADC /* WatchConnectivity.framework in Embed Frameworks */,
			);
			name = "Embed Frameworks";
			runOnlyForDeploymentPostprocessing = 0;
		};
		403637C12DA78D3E00758ADC /* Embed Frameworks */ = {
			isa = PBXCopyFilesBuildPhase;
			buildActionMask = 2147483647;
			dstPath = "";
			dstSubfolderSpec = 10;
			files = (
				403637C02DA78D3E00758ADC /* WatchConnectivity.framework in Embed Frameworks */,
			);
			name = "Embed Frameworks";
			runOnlyForDeploymentPostprocessing = 0;
		};
/* End PBXCopyFilesBuildPhase section */

/* Begin PBXFileReference section */
		403637162DA75FE900758ADC /* Week7-Animation-MultiPlatform.app */ = {isa = PBXFileReference; explicitFileType = wrapper.application; includeInIndex = 0; path = "Week7-Animation-MultiPlatform.app"; sourceTree = BUILT_PRODUCTS_DIR; };
		4036372E2DA7629400758ADC /* Watch-Animation Watch App.app */ = {isa = PBXFileReference; explicitFileType = wrapper.application; includeInIndex = 0; path = "Watch-Animation Watch App.app"; sourceTree = BUILT_PRODUCTS_DIR; };
		403637462DA7640F00758ADC /* Mac-Animation-Multiplatform.app */ = {isa = PBXFileReference; explicitFileType = wrapper.application; includeInIndex = 0; path = "Mac-Animation-Multiplatform.app"; sourceTree = BUILT_PRODUCTS_DIR; };
		4036378A2DA772B900758ADC /* WatchConnectivity.framework */ = {isa = PBXFileReference; lastKnownFileType = wrapper.framework; name = WatchConnectivity.framework; path = System/Library/Frameworks/WatchConnectivity.framework; sourceTree = SDKROOT; };
		4036378C2DA772C400758ADC /* WatchConnectivity.framework */ = {isa = PBXFileReference; lastKnownFileType = wrapper.framework; name = WatchConnectivity.framework; path = Platforms/WatchOS.platform/Developer/SDKs/WatchOS11.4.sdk/System/Library/Frameworks/WatchConnectivity.framework; sourceTree = DEVELOPER_DIR; };
/* End PBXFileReference section */

/* Begin PBXFileSystemSynchronizedBuildFileExceptionSet section */
		4036373E2DA762D400758ADC /* Exceptions for "Week7-Animation-MultiPlatform" folder in "Watch-Animation Watch App" target */ = {
			isa = PBXFileSystemSynchronizedBuildFileExceptionSet;
			membershipExceptions = (
				Model/SessionRecord.swift,
				ViewModel/BreathingViewModel.swift,
			);
			target = 4036372D2DA7629400758ADC /* Watch-Animation Watch App */;
		};
		403637562DA7647B00758ADC /* Exceptions for "Week7-Animation-MultiPlatform" folder in "Mac-Animation-Multiplatform" target */ = {
			isa = PBXFileSystemSynchronizedBuildFileExceptionSet;
			membershipExceptions = (
				Model/SessionRecord.swift,
			);
			target = 403637452DA7640F00758ADC /* Mac-Animation-Multiplatform */;
		};
/* End PBXFileSystemSynchronizedBuildFileExceptionSet section */

/* Begin PBXFileSystemSynchronizedRootGroup section */
		403637182DA75FE900758ADC /* Week7-Animation-MultiPlatform */ = {
			isa = PBXFileSystemSynchronizedRootGroup;
			exceptions = (
				4036373E2DA762D400758ADC /* Exceptions for "Week7-Animation-MultiPlatform" folder in "Watch-Animation Watch App" target */,
				403637562DA7647B00758ADC /* Exceptions for "Week7-Animation-MultiPlatform" folder in "Mac-Animation-Multiplatform" target */,
			);
			path = "Week7-Animation-MultiPlatform";
			sourceTree = "<group>";
		};
		4036372F2DA7629400758ADC /* Watch-Animation Watch App */ = {
			isa = PBXFileSystemSynchronizedRootGroup;
			path = "Watch-Animation Watch App";
			sourceTree = "<group>";
		};
		403637472DA7640F00758ADC /* Mac-Animation-Multiplatform */ = {
			isa = PBXFileSystemSynchronizedRootGroup;
			path = "Mac-Animation-Multiplatform";
			sourceTree = "<group>";
		};
/* End PBXFileSystemSynchronizedRootGroup section */

/* Begin PBXFrameworksBuildPhase section */
		403637132DA75FE900758ADC /* Frameworks */ = {
			isa = PBXFrameworksBuildPhase;
			buildActionMask = 2147483647;
			files = (
				403637BC2DA78D3400758ADC /* WatchConnectivity.framework in Frameworks */,
			);
			runOnlyForDeploymentPostprocessing = 0;
		};
		4036372B2DA7629400758ADC /* Frameworks */ = {
			isa = PBXFrameworksBuildPhase;
			buildActionMask = 2147483647;
			files = (
				403637BF2DA78D3E00758ADC /* WatchConnectivity.framework in Frameworks */,
			);
			runOnlyForDeploymentPostprocessing = 0;
		};
		403637432DA7640F00758ADC /* Frameworks */ = {
			isa = PBXFrameworksBuildPhase;
			buildActionMask = 2147483647;
			files = (
			);
			runOnlyForDeploymentPostprocessing = 0;
		};
/* End PBXFrameworksBuildPhase section */

/* Begin PBXGroup section */
		4036370D2DA75FE900758ADC = {
			isa = PBXGroup;
			children = (
				403637182DA75FE900758ADC /* Week7-Animation-MultiPlatform */,
				4036372F2DA7629400758ADC /* Watch-Animation Watch App */,
				403637472DA7640F00758ADC /* Mac-Animation-Multiplatform */,
				403637892DA772B900758ADC /* Frameworks */,
				403637172DA75FE900758ADC /* Products */,
			);
			sourceTree = "<group>";
		};
		403637172DA75FE900758ADC /* Products */ = {
			isa = PBXGroup;
			children = (
				403637162DA75FE900758ADC /* Week7-Animation-MultiPlatform.app */,
				4036372E2DA7629400758ADC /* Watch-Animation Watch App.app */,
				403637462DA7640F00758ADC /* Mac-Animation-Multiplatform.app */,
			);
			name = Products;
			sourceTree = "<group>";
		};
		403637892DA772B900758ADC /* Frameworks */ = {
			isa = PBXGroup;
			children = (
				4036378C2DA772C400758ADC /* WatchConnectivity.framework */,
				4036378A2DA772B900758ADC /* WatchConnectivity.framework */,
			);
			name = Frameworks;
			sourceTree = "<group>";
		};
/* End PBXGroup section */

/* Begin PBXNativeTarget section */
		403637152DA75FE900758ADC /* Week7-Animation-MultiPlatform */ = {
			isa = PBXNativeTarget;
			buildConfigurationList = 403637212DA75FEC00758ADC /* Build configuration list for PBXNativeTarget "Week7-Animation-MultiPlatform" */;
			buildPhases = (
				403637122DA75FE900758ADC /* Sources */,
				403637132DA75FE900758ADC /* Frameworks */,
				403637142DA75FE900758ADC /* Resources */,
				4036373C2DA7629700758ADC /* Embed Watch Content */,
				403637BE2DA78D3400758ADC /* Embed Frameworks */,
			);
			buildRules = (
			);
			dependencies = (
				403637372DA7629700758ADC /* PBXTargetDependency */,
			);
			fileSystemSynchronizedGroups = (
				403637182DA75FE900758ADC /* Week7-Animation-MultiPlatform */,
			);
			name = "Week7-Animation-MultiPlatform";
			packageProductDependencies = (
			);
			productName = "Week7-Animation-MultiPlatform";
			productReference = 403637162DA75FE900758ADC /* Week7-Animation-MultiPlatform.app */;
			productType = "com.apple.product-type.application";
		};
		4036372D2DA7629400758ADC /* Watch-Animation Watch App */ = {
			isa = PBXNativeTarget;
			buildConfigurationList = 403637392DA7629700758ADC /* Build configuration list for PBXNativeTarget "Watch-Animation Watch App" */;
			buildPhases = (
				4036372A2DA7629400758ADC /* Sources */,
				4036372B2DA7629400758ADC /* Frameworks */,
				4036372C2DA7629400758ADC /* Resources */,
				403637C12DA78D3E00758ADC /* Embed Frameworks */,
			);
			buildRules = (
			);
			dependencies = (
			);
			fileSystemSynchronizedGroups = (
				4036372F2DA7629400758ADC /* Watch-Animation Watch App */,
			);
			name = "Watch-Animation Watch App";
			packageProductDependencies = (
			);
			productName = "Watch-Animation Watch App";
			productReference = 4036372E2DA7629400758ADC /* Watch-Animation Watch App.app */;
			productType = "com.apple.product-type.application";
		};
		403637452DA7640F00758ADC /* Mac-Animation-Multiplatform */ = {
			isa = PBXNativeTarget;
			buildConfigurationList = 4036374F2DA7641200758ADC /* Build configuration list for PBXNativeTarget "Mac-Animation-Multiplatform" */;
			buildPhases = (
				403637422DA7640F00758ADC /* Sources */,
				403637432DA7640F00758ADC /* Frameworks */,
				403637442DA7640F00758ADC /* Resources */,
			);
			buildRules = (
			);
			dependencies = (
			);
			fileSystemSynchronizedGroups = (
				403637472DA7640F00758ADC /* Mac-Animation-Multiplatform */,
			);
			name = "Mac-Animation-Multiplatform";
			packageProductDependencies = (
			);
			productName = "Mac-Animation-Multiplatform";
			productReference = 403637462DA7640F00758ADC /* Mac-Animation-Multiplatform.app */;
			productType = "com.apple.product-type.application";
		};
/* End PBXNativeTarget section */

/* Begin PBXProject section */
		4036370E2DA75FE900758ADC /* Project object */ = {
			isa = PBXProject;
			attributes = {
				BuildIndependentTargetsInParallel = 1;
				LastSwiftUpdateCheck = 1630;
				LastUpgradeCheck = 1630;
				TargetAttributes = {
					403637152DA75FE900758ADC = {
						CreatedOnToolsVersion = 16.3;
					};
					4036372D2DA7629400758ADC = {
						CreatedOnToolsVersion = 16.3;
					};
					403637452DA7640F00758ADC = {
						CreatedOnToolsVersion = 16.3;
					};
				};
			};
			buildConfigurationList = 403637112DA75FE900758ADC /* Build configuration list for PBXProject "Week7-Animation-MultiPlatform" */;
			developmentRegion = en;
			hasScannedForEncodings = 0;
			knownRegions = (
				en,
				Base,
			);
			mainGroup = 4036370D2DA75FE900758ADC;
			minimizedProjectReferenceProxies = 1;
			preferredProjectObjectVersion = 77;
			productRefGroup = 403637172DA75FE900758ADC /* Products */;
			projectDirPath = "";
			projectRoot = "";
			targets = (
				403637152DA75FE900758ADC /* Week7-Animation-MultiPlatform */,
				4036372D2DA7629400758ADC /* Watch-Animation Watch App */,
				403637452DA7640F00758ADC /* Mac-Animation-Multiplatform */,
			);
		};
/* End PBXProject section */

/* Begin PBXResourcesBuildPhase section */
		403637142DA75FE900758ADC /* Resources */ = {
			isa = PBXResourcesBuildPhase;
			buildActionMask = 2147483647;
			files = (
			);
			runOnlyForDeploymentPostprocessing = 0;
		};
		4036372C2DA7629400758ADC /* Resources */ = {
			isa = PBXResourcesBuildPhase;
			buildActionMask = 2147483647;
			files = (
			);
			runOnlyForDeploymentPostprocessing = 0;
		};
		403637442DA7640F00758ADC /* Resources */ = {
			isa = PBXResourcesBuildPhase;
			buildActionMask = 2147483647;
			files = (
			);
			runOnlyForDeploymentPostprocessing = 0;
		};
/* End PBXResourcesBuildPhase section */

/* Begin PBXSourcesBuildPhase section */
		403637122DA75FE900758ADC /* Sources */ = {
			isa = PBXSourcesBuildPhase;
			buildActionMask = 2147483647;
			files = (
			);
			runOnlyForDeploymentPostprocessing = 0;
		};
		4036372A2DA7629400758ADC /* Sources */ = {
			isa = PBXSourcesBuildPhase;
			buildActionMask = 2147483647;
			files = (
			);
			runOnlyForDeploymentPostprocessing = 0;
		};
		403637422DA7640F00758ADC /* Sources */ = {
			isa = PBXSourcesBuildPhase;
			buildActionMask = 2147483647;
			files = (
			);
			runOnlyForDeploymentPostprocessing = 0;
		};
/* End PBXSourcesBuildPhase section */

/* Begin PBXTargetDependency section */
		403637372DA7629700758ADC /* PBXTargetDependency */ = {
			isa = PBXTargetDependency;
			target = 4036372D2DA7629400758ADC /* Watch-Animation Watch App */;
			targetProxy = 403637362DA7629700758ADC /* PBXContainerItemProxy */;
		};
/* End PBXTargetDependency section */

/* Begin XCBuildConfiguration section */
		4036371F2DA75FEC00758ADC /* Debug */ = {
			isa = XCBuildConfiguration;
			buildSettings = {
				ALWAYS_SEARCH_USER_PATHS = NO;
				ASSETCATALOG_COMPILER_GENERATE_SWIFT_ASSET_SYMBOL_EXTENSIONS = YES;
				CLANG_ANALYZER_NONNULL = YES;
				CLANG_ANALYZER_NUMBER_OBJECT_CONVERSION = YES_AGGRESSIVE;
				CLANG_CXX_LANGUAGE_STANDARD = "gnu++20";
				CLANG_ENABLE_MODULES = YES;
				CLANG_ENABLE_OBJC_ARC = YES;
				CLANG_ENABLE_OBJC_WEAK = YES;
				CLANG_WARN_BLOCK_CAPTURE_AUTORELEASING = YES;
				CLANG_WARN_BOOL_CONVERSION = YES;
				CLANG_WARN_COMMA = YES;
				CLANG_WARN_CONSTANT_CONVERSION = YES;
				CLANG_WARN_DEPRECATED_OBJC_IMPLEMENTATIONS = YES;
				CLANG_WARN_DIRECT_OBJC_ISA_USAGE = YES_ERROR;
				CLANG_WARN_DOCUMENTATION_COMMENTS = YES;
				CLANG_WARN_EMPTY_BODY = YES;
				CLANG_WARN_ENUM_CONVERSION = YES;
				CLANG_WARN_INFINITE_RECURSION = YES;
				CLANG_WARN_INT_CONVERSION = YES;
				CLANG_WARN_NON_LITERAL_NULL_CONVERSION = YES;
				CLANG_WARN_OBJC_IMPLICIT_RETAIN_SELF = YES;
				CLANG_WARN_OBJC_LITERAL_CONVERSION = YES;
				CLANG_WARN_OBJC_ROOT_CLASS = YES_ERROR;
				CLANG_WARN_QUOTED_INCLUDE_IN_FRAMEWORK_HEADER = YES;
				CLANG_WARN_RANGE_LOOP_ANALYSIS = YES;
				CLANG_WARN_STRICT_PROTOTYPES = YES;
				CLANG_WARN_SUSPICIOUS_MOVE = YES;
				CLANG_WARN_UNGUARDED_AVAILABILITY = YES_AGGRESSIVE;
				CLANG_WARN_UNREACHABLE_CODE = YES;
				CLANG_WARN__DUPLICATE_METHOD_MATCH = YES;
				COPY_PHASE_STRIP = NO;
				DEBUG_INFORMATION_FORMAT = dwarf;
				DEVELOPMENT_TEAM = 2XW7VT74K3;
				ENABLE_STRICT_OBJC_MSGSEND = YES;
				ENABLE_TESTABILITY = YES;
				ENABLE_USER_SCRIPT_SANDBOXING = YES;
				GCC_C_LANGUAGE_STANDARD = gnu17;
				GCC_DYNAMIC_NO_PIC = NO;
				GCC_NO_COMMON_BLOCKS = YES;
				GCC_OPTIMIZATION_LEVEL = 0;
				GCC_PREPROCESSOR_DEFINITIONS = (
					"DEBUG=1",
					"$(inherited)",
				);
				GCC_WARN_64_TO_32_BIT_CONVERSION = YES;
				GCC_WARN_ABOUT_RETURN_TYPE = YES_ERROR;
				GCC_WARN_UNDECLARED_SELECTOR = YES;
				GCC_WARN_UNINITIALIZED_AUTOS = YES_AGGRESSIVE;
				GCC_WARN_UNUSED_FUNCTION = YES;
				GCC_WARN_UNUSED_VARIABLE = YES;
				IPHONEOS_DEPLOYMENT_TARGET = 18.4;
				LOCALIZATION_PREFERS_STRING_CATALOGS = YES;
				MTL_ENABLE_DEBUG_INFO = INCLUDE_SOURCE;
				MTL_FAST_MATH = YES;
				ONLY_ACTIVE_ARCH = YES;
				SDKROOT = iphoneos;
				SWIFT_ACTIVE_COMPILATION_CONDITIONS = "DEBUG $(inherited)";
				SWIFT_OPTIMIZATION_LEVEL = "-Onone";
			};
			name = Debug;
		};
		403637202DA75FEC00758ADC /* Release */ = {
			isa = XCBuildConfiguration;
			buildSettings = {
				ALWAYS_SEARCH_USER_PATHS = NO;
				ASSETCATALOG_COMPILER_GENERATE_SWIFT_ASSET_SYMBOL_EXTENSIONS = YES;
				CLANG_ANALYZER_NONNULL = YES;
				CLANG_ANALYZER_NUMBER_OBJECT_CONVERSION = YES_AGGRESSIVE;
				CLANG_CXX_LANGUAGE_STANDARD = "gnu++20";
				CLANG_ENABLE_MODULES = YES;
				CLANG_ENABLE_OBJC_ARC = YES;
				CLANG_ENABLE_OBJC_WEAK = YES;
				CLANG_WARN_BLOCK_CAPTURE_AUTORELEASING = YES;
				CLANG_WARN_BOOL_CONVERSION = YES;
				CLANG_WARN_COMMA = YES;
				CLANG_WARN_CONSTANT_CONVERSION = YES;
				CLANG_WARN_DEPRECATED_OBJC_IMPLEMENTATIONS = YES;
				CLANG_WARN_DIRECT_OBJC_ISA_USAGE = YES_ERROR;
				CLANG_WARN_DOCUMENTATION_COMMENTS = YES;
				CLANG_WARN_EMPTY_BODY = YES;
				CLANG_WARN_ENUM_CONVERSION = YES;
				CLANG_WARN_INFINITE_RECURSION = YES;
				CLANG_WARN_INT_CONVERSION = YES;
				CLANG_WARN_NON_LITERAL_NULL_CONVERSION = YES;
				CLANG_WARN_OBJC_IMPLICIT_RETAIN_SELF = YES;
				CLANG_WARN_OBJC_LITERAL_CONVERSION = YES;
				CLANG_WARN_OBJC_ROOT_CLASS = YES_ERROR;
				CLANG_WARN_QUOTED_INCLUDE_IN_FRAMEWORK_HEADER = YES;
				CLANG_WARN_RANGE_LOOP_ANALYSIS = YES;
				CLANG_WARN_STRICT_PROTOTYPES = YES;
				CLANG_WARN_SUSPICIOUS_MOVE = YES;
				CLANG_WARN_UNGUARDED_AVAILABILITY = YES_AGGRESSIVE;
				CLANG_WARN_UNREACHABLE_CODE = YES;
				CLANG_WARN__DUPLICATE_METHOD_MATCH = YES;
				COPY_PHASE_STRIP = NO;
				DEBUG_INFORMATION_FORMAT = "dwarf-with-dsym";
				DEVELOPMENT_TEAM = 2XW7VT74K3;
				ENABLE_NS_ASSERTIONS = NO;
				ENABLE_STRICT_OBJC_MSGSEND = YES;
				ENABLE_USER_SCRIPT_SANDBOXING = YES;
				GCC_C_LANGUAGE_STANDARD = gnu17;
				GCC_NO_COMMON_BLOCKS = YES;
				GCC_WARN_64_TO_32_BIT_CONVERSION = YES;
				GCC_WARN_ABOUT_RETURN_TYPE = YES_ERROR;
				GCC_WARN_UNDECLARED_SELECTOR = YES;
				GCC_WARN_UNINITIALIZED_AUTOS = YES_AGGRESSIVE;
				GCC_WARN_UNUSED_FUNCTION = YES;
				GCC_WARN_UNUSED_VARIABLE = YES;
				IPHONEOS_DEPLOYMENT_TARGET = 18.4;
				LOCALIZATION_PREFERS_STRING_CATALOGS = YES;
				MTL_ENABLE_DEBUG_INFO = NO;
				MTL_FAST_MATH = YES;
				SDKROOT = iphoneos;
				SWIFT_COMPILATION_MODE = wholemodule;
				VALIDATE_PRODUCT = YES;
			};
			name = Release;
		};
		403637222DA75FEC00758ADC /* Debug */ = {
			isa = XCBuildConfiguration;
			buildSettings = {
				ASSETCATALOG_COMPILER_APPICON_NAME = AppIcon;
				ASSETCATALOG_COMPILER_GLOBAL_ACCENT_COLOR_NAME = AccentColor;
				CODE_SIGN_STYLE = Automatic;
				CURRENT_PROJECT_VERSION = 1;
				DEVELOPMENT_TEAM = 2XW7VT74K3;
				ENABLE_PREVIEWS = YES;
				GENERATE_INFOPLIST_FILE = YES;
				INFOPLIST_KEY_UIApplicationSceneManifest_Generation = YES;
				INFOPLIST_KEY_UIApplicationSupportsIndirectInputEvents = YES;
				INFOPLIST_KEY_UILaunchScreen_Generation = YES;
				INFOPLIST_KEY_UISupportedInterfaceOrientations_iPad = "UIInterfaceOrientationPortrait UIInterfaceOrientationPortraitUpsideDown UIInterfaceOrientationLandscapeLeft UIInterfaceOrientationLandscapeRight";
				INFOPLIST_KEY_UISupportedInterfaceOrientations_iPhone = "UIInterfaceOrientationPortrait UIInterfaceOrientationLandscapeLeft UIInterfaceOrientationLandscapeRight";
				LD_RUNPATH_SEARCH_PATHS = (
					"$(inherited)",
					"@executable_path/Frameworks",
				);
				MARKETING_VERSION = 1.0;
				PRODUCT_BUNDLE_IDENTIFIER = "com.elflin.Week7-Animation-MultiPlatform";
				PRODUCT_NAME = "$(TARGET_NAME)";
				SWIFT_EMIT_LOC_STRINGS = YES;
				SWIFT_VERSION = 5.0;
				TARGETED_DEVICE_FAMILY = "1,2";
			};
			name = Debug;
		};
		403637232DA75FEC00758ADC /* Release */ = {
			isa = XCBuildConfiguration;
			buildSettings = {
				ASSETCATALOG_COMPILER_APPICON_NAME = AppIcon;
				ASSETCATALOG_COMPILER_GLOBAL_ACCENT_COLOR_NAME = AccentColor;
				CODE_SIGN_STYLE = Automatic;
				CURRENT_PROJECT_VERSION = 1;
				DEVELOPMENT_TEAM = 2XW7VT74K3;
				ENABLE_PREVIEWS = YES;
				GENERATE_INFOPLIST_FILE = YES;
				INFOPLIST_KEY_UIApplicationSceneManifest_Generation = YES;
				INFOPLIST_KEY_UIApplicationSupportsIndirectInputEvents = YES;
				INFOPLIST_KEY_UILaunchScreen_Generation = YES;
				INFOPLIST_KEY_UISupportedInterfaceOrientations_iPad = "UIInterfaceOrientationPortrait UIInterfaceOrientationPortraitUpsideDown UIInterfaceOrientationLandscapeLeft UIInterfaceOrientationLandscapeRight";
				INFOPLIST_KEY_UISupportedInterfaceOrientations_iPhone = "UIInterfaceOrientationPortrait UIInterfaceOrientationLandscapeLeft UIInterfaceOrientationLandscapeRight";
				LD_RUNPATH_SEARCH_PATHS = (
					"$(inherited)",
					"@executable_path/Frameworks",
				);
				MARKETING_VERSION = 1.0;
				PRODUCT_BUNDLE_IDENTIFIER = "com.elflin.Week7-Animation-MultiPlatform";
				PRODUCT_NAME = "$(TARGET_NAME)";
				SWIFT_EMIT_LOC_STRINGS = YES;
				SWIFT_VERSION = 5.0;
				TARGETED_DEVICE_FAMILY = "1,2";
			};
			name = Release;
		};
		4036373A2DA7629700758ADC /* Debug */ = {
			isa = XCBuildConfiguration;
			buildSettings = {
				ASSETCATALOG_COMPILER_APPICON_NAME = AppIcon;
				ASSETCATALOG_COMPILER_GLOBAL_ACCENT_COLOR_NAME = AccentColor;
				CODE_SIGN_STYLE = Automatic;
				CURRENT_PROJECT_VERSION = 1;
				DEVELOPMENT_TEAM = 2XW7VT74K3;
				ENABLE_PREVIEWS = YES;
				GENERATE_INFOPLIST_FILE = YES;
				INFOPLIST_KEY_CFBundleDisplayName = "Watch-Animation";
				INFOPLIST_KEY_UISupportedInterfaceOrientations = "UIInterfaceOrientationPortrait UIInterfaceOrientationPortraitUpsideDown";
				INFOPLIST_KEY_WKCompanionAppBundleIdentifier = "com.elflin.Week7-Animation-MultiPlatform";
				LD_RUNPATH_SEARCH_PATHS = (
					"$(inherited)",
					"@executable_path/Frameworks",
				);
				MARKETING_VERSION = 1.0;
				PRODUCT_BUNDLE_IDENTIFIER = "com.elflin.Week7-Animation-MultiPlatform.watchkitapp";
				PRODUCT_NAME = "$(TARGET_NAME)";
				SDKROOT = watchos;
				SKIP_INSTALL = YES;
				SWIFT_EMIT_LOC_STRINGS = YES;
				SWIFT_VERSION = 5.0;
				TARGETED_DEVICE_FAMILY = 4;
				WATCHOS_DEPLOYMENT_TARGET = 11.4;
			};
			name = Debug;
		};
		4036373B2DA7629700758ADC /* Release */ = {
			isa = XCBuildConfiguration;
			buildSettings = {
				ASSETCATALOG_COMPILER_APPICON_NAME = AppIcon;
				ASSETCATALOG_COMPILER_GLOBAL_ACCENT_COLOR_NAME = AccentColor;
				CODE_SIGN_STYLE = Automatic;
				CURRENT_PROJECT_VERSION = 1;
				DEVELOPMENT_TEAM = 2XW7VT74K3;
				ENABLE_PREVIEWS = YES;
				GENERATE_INFOPLIST_FILE = YES;
				INFOPLIST_KEY_CFBundleDisplayName = "Watch-Animation";
				INFOPLIST_KEY_UISupportedInterfaceOrientations = "UIInterfaceOrientationPortrait UIInterfaceOrientationPortraitUpsideDown";
				INFOPLIST_KEY_WKCompanionAppBundleIdentifier = "com.elflin.Week7-Animation-MultiPlatform";
				LD_RUNPATH_SEARCH_PATHS = (
					"$(inherited)",
					"@executable_path/Frameworks",
				);
				MARKETING_VERSION = 1.0;
				PRODUCT_BUNDLE_IDENTIFIER = "com.elflin.Week7-Animation-MultiPlatform.watchkitapp";
				PRODUCT_NAME = "$(TARGET_NAME)";
				SDKROOT = watchos;
				SKIP_INSTALL = YES;
				SWIFT_EMIT_LOC_STRINGS = YES;
				SWIFT_VERSION = 5.0;
				TARGETED_DEVICE_FAMILY = 4;
				WATCHOS_DEPLOYMENT_TARGET = 11.4;
			};
			name = Release;
		};
		403637502DA7641200758ADC /* Debug */ = {
			isa = XCBuildConfiguration;
			buildSettings = {
				ASSETCATALOG_COMPILER_APPICON_NAME = AppIcon;
				ASSETCATALOG_COMPILER_GLOBAL_ACCENT_COLOR_NAME = AccentColor;
				CODE_SIGN_ENTITLEMENTS = "Mac-Animation-Multiplatform/Mac_Animation_Multiplatform.entitlements";
				CODE_SIGN_STYLE = Automatic;
				COMBINE_HIDPI_IMAGES = YES;
				CURRENT_PROJECT_VERSION = 1;
				DEVELOPMENT_TEAM = 2XW7VT74K3;
				ENABLE_HARDENED_RUNTIME = YES;
				ENABLE_PREVIEWS = YES;
				GENERATE_INFOPLIST_FILE = YES;
				INFOPLIST_KEY_NSHumanReadableCopyright = "";
				LD_RUNPATH_SEARCH_PATHS = (
					"$(inherited)",
					"@executable_path/../Frameworks",
				);
				MACOSX_DEPLOYMENT_TARGET = 15.4;
				MARKETING_VERSION = 1.0;
				PRODUCT_BUNDLE_IDENTIFIER = "com.elflin.Mac-Animation-Multiplatform";
				PRODUCT_NAME = "$(TARGET_NAME)";
				REGISTER_APP_GROUPS = YES;
				SDKROOT = macosx;
				SWIFT_EMIT_LOC_STRINGS = YES;
				SWIFT_VERSION = 5.0;
			};
			name = Debug;
		};
		403637512DA7641200758ADC /* Release */ = {
			isa = XCBuildConfiguration;
			buildSettings = {
				ASSETCATALOG_COMPILER_APPICON_NAME = AppIcon;
				ASSETCATALOG_COMPILER_GLOBAL_ACCENT_COLOR_NAME = AccentColor;
				CODE_SIGN_ENTITLEMENTS = "Mac-Animation-Multiplatform/Mac_Animation_Multiplatform.entitlements";
				CODE_SIGN_STYLE = Automatic;
				COMBINE_HIDPI_IMAGES = YES;
				CURRENT_PROJECT_VERSION = 1;
				DEVELOPMENT_TEAM = 2XW7VT74K3;
				ENABLE_HARDENED_RUNTIME = YES;
				ENABLE_PREVIEWS = YES;
				GENERATE_INFOPLIST_FILE = YES;
				INFOPLIST_KEY_NSHumanReadableCopyright = "";
				LD_RUNPATH_SEARCH_PATHS = (
					"$(inherited)",
					"@executable_path/../Frameworks",
				);
				MACOSX_DEPLOYMENT_TARGET = 15.4;
				MARKETING_VERSION = 1.0;
				PRODUCT_BUNDLE_IDENTIFIER = "com.elflin.Mac-Animation-Multiplatform";
				PRODUCT_NAME = "$(TARGET_NAME)";
				REGISTER_APP_GROUPS = YES;
				SDKROOT = macosx;
				SWIFT_EMIT_LOC_STRINGS = YES;
				SWIFT_VERSION = 5.0;
			};
			name = Release;
		};
/* End XCBuildConfiguration section */

/* Begin XCConfigurationList section */
		403637112DA75FE900758ADC /* Build configuration list for PBXProject "Week7-Animation-MultiPlatform" */ = {
			isa = XCConfigurationList;
			buildConfigurations = (
				4036371F2DA75FEC00758ADC /* Debug */,
				403637202DA75FEC00758ADC /* Release */,
			);
			defaultConfigurationIsVisible = 0;
			defaultConfigurationName = Release;
		};
		403637212DA75FEC00758ADC /* Build configuration list for PBXNativeTarget "Week7-Animation-MultiPlatform" */ = {
			isa = XCConfigurationList;
			buildConfigurations = (
				403637222DA75FEC00758ADC /* Debug */,
				403637232DA75FEC00758ADC /* Release */,
			);
			defaultConfigurationIsVisible = 0;
			defaultConfigurationName = Release;
		};
		403637392DA7629700758ADC /* Build configuration list for PBXNativeTarget "Watch-Animation Watch App" */ = {
			isa = XCConfigurationList;
			buildConfigurations = (
				4036373A2DA7629700758ADC /* Debug */,
				4036373B2DA7629700758ADC /* Release */,
			);
			defaultConfigurationIsVisible = 0;
			defaultConfigurationName = Release;
		};
		4036374F2DA7641200758ADC /* Build configuration list for PBXNativeTarget "Mac-Animation-Multiplatform" */ = {
			isa = XCConfigurationList;
			buildConfigurations = (
				403637502DA7641200758ADC /* Debug */,
				403637512DA7641200758ADC /* Release */,
			);
			defaultConfigurationIsVisible = 0;
			defaultConfigurationName = Release;
		};
/* End XCConfigurationList section */
	};
	rootObject = 4036370E2DA75FE900758ADC /* Project object */;
}
